
Microsoft Visual Studio Solution File, Format Version 12.00
# Visual Studio Version 17
VisualStudioVersion = 17.14.36915.13 d17.14
MinimumVisualStudioVersion = 10.0.40219.1
Project("{FAE04EC0-301F-11D3-BF4B-00C04F79EFBC}") = "ConsoleApp1", "ConsoleApp1\ConsoleApp1.csproj", "{EAB39756-9443-4F79-8F18-EBA9EB89151A}"
EndProject
Global
	GlobalSection(SolutionConfigurationPlatforms) = preSolution
		Debug|Any CPU = Debug|Any CPU
		Release|Any CPU = Release|Any CPU
	EndGlobalSection
	GlobalSection(ProjectConfigurationPlatforms) = postSolution
		{EAB39756-9443-4F79-8F18-EBA9EB89151A}.Debug|Any CPU.ActiveCfg = Debug|Any CPU
		{EAB39756-9443-4F79-8F18-EBA9EB89151A}.Debug|Any CPU.Build.0 = Debug|Any CPU
		{EAB39756-9443-4F79-8F18-EBA9EB89151A}.Release|Any CPU.ActiveCfg = Release|Any CPU
		{EAB39756-9443-4F79-8F18-EBA9EB89151A}.Release|Any CPU.Build.0 = Release|Any CPU
	EndGlobalSection
	GlobalSection(SolutionProperties) = preSolution
		HideSolutionNode = FALSE
	EndGlobalSection
	GlobalSection(ExtensibilityGlobals) = postSolution
		SolutionGuid = {35C10E7A-13B5-428D-9E92-6AEE3DEA056A}
	EndGlobalSection
EndGlobal
